schema: '2.0'
stages:
  import_data:
    cmd: python src/cmd/import.py --name DEFAULT1 --dataset forum
    deps:
    - path: src/cmd/import.py
      hash: md5
      md5: 9f9a9d1b8742d4ca15a7fdf5b5399957
      size: 539
    - path: src/data/datasets/
      hash: md5
      md5: 3e2183738727f808852036581d48666a.dir
      size: 9828843
      nfiles: 6
    - path: src/tooling/loading.py
      hash: md5
      md5: 5fcd20273234178bb430e3352b78c1e2
      size: 5556
    outs:
    - path: src/data/temp/loading/DEFAULT1/imported_dataset.pickle
      hash: md5
      md5: ce04714f1eb8561c1d009bc49647d138
      size: 1306861
  sample_data:
    cmd: python src/cmd/sample.py --name DEFAULT1 --test_size 0.2 --random_state 125
    deps:
    - path: src/cmd/sample.py
      hash: md5
      md5: 9d213f1a7b8b982724b95be841dbdf76
      size: 549
    - path: src/data/temp/loading/DEFAULT1/imported_dataset.pickle
      hash: md5
      md5: ce04714f1eb8561c1d009bc49647d138
      size: 1306861
    - path: src/tooling/loading.py
      hash: md5
      md5: 5fcd20273234178bb430e3352b78c1e2
      size: 5556
    - path: src/tooling/sampling.py
      hash: md5
      md5: 89aff97504560d534d88ca14d6550593
      size: 1317
    outs:
    - path: src/data/temp/sampling/DEFAULT1/labels_test.pickle
      hash: md5
      md5: 7510c54d2d2d431eaeaebd8daaffc399
      size: 139783
    - path: src/data/temp/sampling/DEFAULT1/labels_train.pickle
      hash: md5
      md5: 25e7e61a43615f667b6bf9e08018235e
      size: 611389
    - path: src/data/temp/sampling/DEFAULT1/text_test.pickle
      hash: md5
      md5: b94611d3757cefb61ca218af7a4568ea
      size: 16680
    - path: src/data/temp/sampling/DEFAULT1/text_train.pickle
      hash: md5
      md5: e3000889a79918c7b6266947c9daf231
      size: 70346
  train_sner:
    cmd: python src/cmd/train_sner.py --name DEFAULT1
    deps:
    - path: src/classifiers/sner/classifier.py
      hash: md5
      md5: fe9f5debdb15d7817295504c5fd97190
      size: 5720
    - path: src/classifiers/sner/ressources/
      hash: md5
      md5: 15e48b6cd2ba011135268a1e8916febe.dir
      size: 4661902
      nfiles: 2
    - path: src/cmd/train_sner.py
      hash: md5
      md5: 1f16a1797be4a3f444a631b106a9253a
      size: 523
    - path: src/data/temp/sampling/DEFAULT1/labels_train.pickle
      hash: md5
      md5: 25e7e61a43615f667b6bf9e08018235e
      size: 611389
    - path: src/tooling/sampling.py
      hash: md5
      md5: 89aff97504560d534d88ca14d6550593
      size: 1317
    outs:
    - path: src/data/temp/sner/DEFAULT1/sner.ser.gz
      hash: md5
      md5: 6ad99295b79c7b0f7692f252ccefcf45
      size: 13142260
    - path: src/data/temp/sner/DEFAULT1/sner_config_file.prop
      hash: md5
      md5: c78412e51f63b3aa2fb7203b9bb207d7
      size: 599
    - path: src/data/temp/sner/DEFAULT1/sner_train_file.txt
      hash: md5
      md5: 72b01e202b97cd1a683afa326162725d
      size: 105276
  classify_sner:
    cmd: python src/cmd/classify_sner.py --name DEFAULT1
    deps:
    - path: src/classifiers/sner/classifier.py
      hash: md5
      md5: fe9f5debdb15d7817295504c5fd97190
      size: 5720
    - path: src/classifiers/sner/ressources/
      hash: md5
      md5: 15e48b6cd2ba011135268a1e8916febe.dir
      size: 4661902
      nfiles: 2
    - path: src/cmd/classify_sner.py
      hash: md5
      md5: d723d64ea251f5042ae531d344180f75
      size: 398
    - path: src/data/temp/sampling/DEFAULT1/text_test.pickle
      hash: md5
      md5: b94611d3757cefb61ca218af7a4568ea
      size: 16680
    - path: src/data/temp/sner/DEFAULT1/sner.ser.gz
      hash: md5
      md5: 6ad99295b79c7b0f7692f252ccefcf45
      size: 13142260
    outs:
    - path: src/data/temp/sner/DEFAULT1/classification_result.pickle
      hash: md5
      md5: d4fe4ab4344bd6c04fce4c58be86cd96
      size: 34023
  evaluate_sner:
    cmd: python src/cmd/evaluate_sner.py --name DEFAULT1
    deps:
    - path: src/cmd/evaluate_sner.py
      hash: md5
      md5: 2a035cb3054c4133527b9cc2618e5d44
      size: 919
    - path: src/data/temp/sampling/DEFAULT1/labels_test.pickle
      hash: md5
      md5: 7510c54d2d2d431eaeaebd8daaffc399
      size: 139783
    - path: src/data/temp/sner/DEFAULT1/classification_result.pickle
      hash: md5
      md5: d4fe4ab4344bd6c04fce4c58be86cd96
      size: 34023
    - path: src/tooling/evaluation.py
      hash: md5
      md5: cf686f28625da1dca253a9093fe33c07
      size: 1597
    outs:
    - path: src/data/temp/evaluation/DEFAULT1/confusion_matrix.png
      hash: md5
      md5: b9623133718ddebfb343c31df105e72a
      size: 56700
    - path: src/data/temp/evaluation/DEFAULT1/metrics.json
      hash: md5
      md5: 45178853c5ae1ba5006f2e5a94cb07f8
      size: 76
